
Microsoft Visual Studio Solution File, Format Version 12.00
# Visual Studio Version 16
VisualStudioVersion = 16.0.30804.86
MinimumVisualStudioVersion = 10.0.40219.1
Project("{FAE04EC0-301F-11D3-BF4B-00C04F79EFBC}") = "ToDoAPI", "ToDoAPI\ToDoAPI.csproj", "{53E2B122-79F9-4A3C-B476-5006F8EA2CCC}"
EndProject
Global
	GlobalSection(SolutionConfigurationPlatforms) = preSolution
		Debug|Any CPU = Debug|Any CPU
		Release|Any CPU = Release|Any CPU
	EndGlobalSection
	GlobalSection(ProjectConfigurationPlatforms) = postSolution
		{53E2B122-79F9-4A3C-B476-5006F8EA2CCC}.Debug|Any CPU.ActiveCfg = Debug|Any CPU
		{53E2B122-79F9-4A3C-B476-5006F8EA2CCC}.Debug|Any CPU.Build.0 = Debug|Any CPU
		{53E2B122-79F9-4A3C-B476-5006F8EA2CCC}.Release|Any CPU.ActiveCfg = Release|Any CPU
		{53E2B122-79F9-4A3C-B476-5006F8EA2CCC}.Release|Any CPU.Build.0 = Release|Any CPU
	EndGlobalSection
	GlobalSection(SolutionProperties) = preSolution
		HideSolutionNode = FALSE
	EndGlobalSection
	GlobalSection(ExtensibilityGlobals) = postSolution
		SolutionGuid = {4E66F31B-5B1C-4FB1-B09D-98D18208A099}
	EndGlobalSection
EndGlobal
